
Microsoft Visual Studio Solution File, Format Version 12.00
# Visual Studio Version 17
VisualStudioVersion = 17.7.34024.191
MinimumVisualStudioVersion = 10.0.40219.1
Project("{8BC9CEB8-8B4A-11D0-8D11-00A0C91BC942}") = "4444getYourDreams", "4444getYourDreams\4444getYourDreams.vcxproj", "{EB7EB595-D181-47EA-9E70-A165DB431BE0}"
EndProject
Project("{2150E333-8FDC-42A3-9474-1A3956D46DE8}") = "Элементы решения", "Элементы решения", "{B0D43145-F93A-475E-AAFD-EB5643FD11D0}"
EndProject
Project("{8BC9CEB8-8B4A-11D0-8D11-00A0C91BC942}") = "variant1", "variant1\variant1.vcxproj", "{4461132F-8D34-4F83-8F5B-553E76778B8E}"
EndProject
Project("{8BC9CEB8-8B4A-11D0-8D11-00A0C91BC942}") = "dop2", "dop2\dop2.vcxproj", "{D76ED9F6-DBE0-40F4-BFC6-E2A875656E6F}"
EndProject
Project("{8BC9CEB8-8B4A-11D0-8D11-00A0C91BC942}") = "dop3", "dop3\dop3.vcxproj", "{F572E2E3-DA56-4DC2-A7FD-F36337F72FD0}"
EndProject
Global
	GlobalSection(SolutionConfigurationPlatforms) = preSolution
		Debug|x64 = Debug|x64
		Debug|x86 = Debug|x86
		Release|x64 = Release|x64
		Release|x86 = Release|x86
	EndGlobalSection
	GlobalSection(ProjectConfigurationPlatforms) = postSolution
		{EB7EB595-D181-47EA-9E70-A165DB431BE0}.Debug|x64.ActiveCfg = Debug|x64
		{EB7EB595-D181-47EA-9E70-A165DB431BE0}.Debug|x64.Build.0 = Debug|x64
		{EB7EB595-D181-47EA-9E70-A165DB431BE0}.Debug|x86.ActiveCfg = Debug|Win32
		{EB7EB595-D181-47EA-9E70-A165DB431BE0}.Debug|x86.Build.0 = Debug|Win32
		{EB7EB595-D181-47EA-9E70-A165DB431BE0}.Release|x64.ActiveCfg = Release|x64
		{EB7EB595-D181-47EA-9E70-A165DB431BE0}.Release|x64.Build.0 = Release|x64
		{EB7EB595-D181-47EA-9E70-A165DB431BE0}.Release|x86.ActiveCfg = Release|Win32
		{EB7EB595-D181-47EA-9E70-A165DB431BE0}.Release|x86.Build.0 = Release|Win32
		{4461132F-8D34-4F83-8F5B-553E76778B8E}.Debug|x64.ActiveCfg = Debug|x64
		{4461132F-8D34-4F83-8F5B-553E76778B8E}.Debug|x64.Build.0 = Debug|x64
		{4461132F-8D34-4F83-8F5B-553E76778B8E}.Debug|x86.ActiveCfg = Debug|Win32
		{4461132F-8D34-4F83-8F5B-553E76778B8E}.Debug|x86.Build.0 = Debug|Win32
		{4461132F-8D34-4F83-8F5B-553E76778B8E}.Release|x64.ActiveCfg = Release|x64
		{4461132F-8D34-4F83-8F5B-553E76778B8E}.Release|x64.Build.0 = Release|x64
		{4461132F-8D34-4F83-8F5B-553E76778B8E}.Release|x86.ActiveCfg = Release|Win32
		{4461132F-8D34-4F83-8F5B-553E76778B8E}.Release|x86.Build.0 = Release|Win32
		{D76ED9F6-DBE0-40F4-BFC6-E2A875656E6F}.Debug|x64.ActiveCfg = Debug|x64
		{D76ED9F6-DBE0-40F4-BFC6-E2A875656E6F}.Debug|x64.Build.0 = Debug|x64
		{D76ED9F6-DBE0-40F4-BFC6-E2A875656E6F}.Debug|x86.ActiveCfg = Debug|Win32
		{D76ED9F6-DBE0-40F4-BFC6-E2A875656E6F}.Debug|x86.Build.0 = Debug|Win32
		{D76ED9F6-DBE0-40F4-BFC6-E2A875656E6F}.Release|x64.ActiveCfg = Release|x64
		{D76ED9F6-DBE0-40F4-BFC6-E2A875656E6F}.Release|x64.Build.0 = Release|x64
		{D76ED9F6-DBE0-40F4-BFC6-E2A875656E6F}.Release|x86.ActiveCfg = Release|Win32
		{D76ED9F6-DBE0-40F4-BFC6-E2A875656E6F}.Release|x86.Build.0 = Release|Win32
		{F572E2E3-DA56-4DC2-A7FD-F36337F72FD0}.Debug|x64.ActiveCfg = Debug|x64
		{F572E2E3-DA56-4DC2-A7FD-F36337F72FD0}.Debug|x64.Build.0 = Debug|x64
		{F572E2E3-DA56-4DC2-A7FD-F36337F72FD0}.Debug|x86.ActiveCfg = Debug|Win32
		{F572E2E3-DA56-4DC2-A7FD-F36337F72FD0}.Debug|x86.Build.0 = Debug|Win32
		{F572E2E3-DA56-4DC2-A7FD-F36337F72FD0}.Release|x64.ActiveCfg = Release|x64
		{F572E2E3-DA56-4DC2-A7FD-F36337F72FD0}.Release|x64.Build.0 = Release|x64
		{F572E2E3-DA56-4DC2-A7FD-F36337F72FD0}.Release|x86.ActiveCfg = Release|Win32
		{F572E2E3-DA56-4DC2-A7FD-F36337F72FD0}.Release|x86.Build.0 = Release|Win32
	EndGlobalSection
	GlobalSection(SolutionProperties) = preSolution
		HideSolutionNode = FALSE
	EndGlobalSection
	GlobalSection(ExtensibilityGlobals) = postSolution
		SolutionGuid = {6CAA1A84-302E-4C80-A15C-65713625D168}
	EndGlobalSection
EndGlobal
